
Microsoft Visual Studio Solution File, Format Version 12.00
# Visual Studio 2012
Project("{8BC9CEB8-8B4A-11D0-8D11-00A0C91BC942}") = "joe", "joe\joe.vcxproj", "{309343C2-7801-49CA-95E4-C602A5CB75AB}"
EndProject
Project("{8BC9CEB8-8B4A-11D0-8D11-00A0C91BC942}") = "puttytel", "putty\putty.vcxproj", "{C70343E3-1522-497D-9E37-5A7622DCDE9A}"
EndProject
Project("{8BC9CEB8-8B4A-11D0-8D11-00A0C91BC942}") = "joewincommon", "common\joewincommon.vcxproj", "{6DADEBA9-8B96-4E38-809C-CB3EDF6BDBCB}"
EndProject
Project("{8BC9CEB8-8B4A-11D0-8D11-00A0C91BC942}") = "configuration", "configuration\configuration.vcxproj", "{E6953F83-D839-416E-AE8C-101862808C15}"
EndProject
Project("{2150E333-8FDC-42A3-9474-1A3956D46DE8}") = "exe", "exe", "{E067D56F-B9A0-4083-AC2B-74E0E988EFAF}"
EndProject
Project("{8BC9CEB8-8B4A-11D0-8D11-00A0C91BC942}") = "joedll", "exe\joedll\joedll.vcxproj", "{E4AB405B-0D5C-4C0C-8F2F-274477E65CAE}"
EndProject
Project("{8BC9CEB8-8B4A-11D0-8D11-00A0C91BC942}") = "joe", "exe\joe.vcxproj", "{6C4D6E86-33F1-42E4-864C-FDAC9847BC31}"
EndProject
Project("{8BC9CEB8-8B4A-11D0-8D11-00A0C91BC942}") = "jmacs", "exe\jmacs.vcxproj", "{848598C4-F41A-4E93-B862-B6C95D9F429A}"
EndProject
Project("{8BC9CEB8-8B4A-11D0-8D11-00A0C91BC942}") = "jpico", "exe\jpico.vcxproj", "{C89EDFFC-4B31-44EA-9A7D-B000EE068454}"
EndProject
Project("{8BC9CEB8-8B4A-11D0-8D11-00A0C91BC942}") = "jstar", "exe\jstar.vcxproj", "{F1366D13-320D-4D88-97D5-C62073CE86BD}"
EndProject
Project("{2150E333-8FDC-42A3-9474-1A3956D46DE8}") = "standalone", "standalone", "{9D949C3B-FC8E-4D29-B599-DCAB16CD9312}"
EndProject
Project("{8BC9CEB8-8B4A-11D0-8D11-00A0C91BC942}") = "joe", "exe\standalone\joe.vcxproj", "{651BB632-81B0-498C-ABC1-C981BF278270}"
EndProject
Project("{8BC9CEB8-8B4A-11D0-8D11-00A0C91BC942}") = "jmacs", "exe\standalone\jmacs.vcxproj", "{B101E0A4-D016-40CB-8C65-BC18828A3C84}"
EndProject
Project("{8BC9CEB8-8B4A-11D0-8D11-00A0C91BC942}") = "jpico", "exe\standalone\jpico.vcxproj", "{F65356A4-FE75-4AC0-9516-2EE65BD50EDC}"
EndProject
Project("{8BC9CEB8-8B4A-11D0-8D11-00A0C91BC942}") = "jstar", "exe\standalone\jstar.vcxproj", "{7650F8F2-94E7-418B-9675-DE09E3858760}"
EndProject
Project("{2150E333-8FDC-42A3-9474-1A3956D46DE8}") = "builtins", "builtins", "{3213C50F-6323-42F1-BDBE-C0108F78760B}"
	ProjectSection(SolutionItems) = preProject
		exe\standalone\colors.spec = exe\standalone\colors.spec
		exe\standalone\jice-builtins.spec = exe\standalone\jice-builtins.spec
		exe\standalone\jmacs-builtins.spec = exe\standalone\jmacs-builtins.spec
		exe\standalone\joe-builtins.spec = exe\standalone\joe-builtins.spec
		exe\standalone\jpico-builtins.spec = exe\standalone\jpico-builtins.spec
		exe\standalone\jstar-builtins.spec = exe\standalone\jstar-builtins.spec
		exe\standalone\syntaxes.spec = exe\standalone\syntaxes.spec
	EndProjectSection
EndProject
Project("{2150E333-8FDC-42A3-9474-1A3956D46DE8}") = "dist", "dist", "{40CAD5B7-9426-4328-BAF3-A99933A6F220}"
EndProject
Project("{930C7802-8A8C-48F9-8165-68863BCCD9DD}") = "installer", "installer\installer.wixproj", "{70D54762-BBC7-45B5-A9BF-FFCC58FD1CD5}"
EndProject
Project("{8BC9CEB8-8B4A-11D0-8D11-00A0C91BC942}") = "jice", "exe\jice.vcxproj", "{6F523AD1-7627-4149-8CBC-D02DEE1A1C17}"
EndProject
Project("{8BC9CEB8-8B4A-11D0-8D11-00A0C91BC942}") = "jice", "exe\standalone\jice.vcxproj", "{6CE9B05D-685E-4875-A3F5-497BE3FE8D13}"
EndProject
Project("{8BC9CEB8-8B4A-11D0-8D11-00A0C91BC942}") = "winpty", "winpty\winpty.vcxproj", "{D84B76FF-01E0-4BC0-9DB6-68C7EF198518}"
EndProject
Global
	GlobalSection(SolutionConfigurationPlatforms) = preSolution
		Debug|Win32 = Debug|Win32
		Debug|x64 = Debug|x64
		Release|Win32 = Release|Win32
		Release|x64 = Release|x64
	EndGlobalSection
	GlobalSection(ProjectConfigurationPlatforms) = postSolution
		{309343C2-7801-49CA-95E4-C602A5CB75AB}.Debug|Win32.ActiveCfg = Debug|Win32
		{309343C2-7801-49CA-95E4-C602A5CB75AB}.Debug|Win32.Build.0 = Debug|Win32
		{309343C2-7801-49CA-95E4-C602A5CB75AB}.Debug|x64.ActiveCfg = Debug|x64
		{309343C2-7801-49CA-95E4-C602A5CB75AB}.Debug|x64.Build.0 = Debug|x64
		{309343C2-7801-49CA-95E4-C602A5CB75AB}.Release|Win32.ActiveCfg = Release|Win32
		{309343C2-7801-49CA-95E4-C602A5CB75AB}.Release|Win32.Build.0 = Release|Win32
		{309343C2-7801-49CA-95E4-C602A5CB75AB}.Release|x64.ActiveCfg = Release|x64
		{309343C2-7801-49CA-95E4-C602A5CB75AB}.Release|x64.Build.0 = Release|x64
		{C70343E3-1522-497D-9E37-5A7622DCDE9A}.Debug|Win32.ActiveCfg = Debug|Win32
		{C70343E3-1522-497D-9E37-5A7622DCDE9A}.Debug|Win32.Build.0 = Debug|Win32
		{C70343E3-1522-497D-9E37-5A7622DCDE9A}.Debug|x64.ActiveCfg = Debug|x64
		{C70343E3-1522-497D-9E37-5A7622DCDE9A}.Debug|x64.Build.0 = Debug|x64
		{C70343E3-1522-497D-9E37-5A7622DCDE9A}.Release|Win32.ActiveCfg = Release|Win32
		{C70343E3-1522-497D-9E37-5A7622DCDE9A}.Release|Win32.Build.0 = Release|Win32
		{C70343E3-1522-497D-9E37-5A7622DCDE9A}.Release|x64.ActiveCfg = Release|x64
		{C70343E3-1522-497D-9E37-5A7622DCDE9A}.Release|x64.Build.0 = Release|x64
		{6DADEBA9-8B96-4E38-809C-CB3EDF6BDBCB}.Debug|Win32.ActiveCfg = Debug|Win32
		{6DADEBA9-8B96-4E38-809C-CB3EDF6BDBCB}.Debug|Win32.Build.0 = Debug|Win32
		{6DADEBA9-8B96-4E38-809C-CB3EDF6BDBCB}.Debug|x64.ActiveCfg = Debug|x64
		{6DADEBA9-8B96-4E38-809C-CB3EDF6BDBCB}.Debug|x64.Build.0 = Debug|x64
		{6DADEBA9-8B96-4E38-809C-CB3EDF6BDBCB}.Release|Win32.ActiveCfg = Release|Win32
		{6DADEBA9-8B96-4E38-809C-CB3EDF6BDBCB}.Release|Win32.Build.0 = Release|Win32
		{6DADEBA9-8B96-4E38-809C-CB3EDF6BDBCB}.Release|x64.ActiveCfg = Release|x64
		{6DADEBA9-8B96-4E38-809C-CB3EDF6BDBCB}.Release|x64.Build.0 = Release|x64
		{E6953F83-D839-416E-AE8C-101862808C15}.Debug|Win32.ActiveCfg = Debug|Win32
		{E6953F83-D839-416E-AE8C-101862808C15}.Debug|Win32.Build.0 = Debug|Win32
		{E6953F83-D839-416E-AE8C-101862808C15}.Debug|x64.ActiveCfg = Debug|x64
		{E6953F83-D839-416E-AE8C-101862808C15}.Debug|x64.Build.0 = Debug|x64
		{E6953F83-D839-416E-AE8C-101862808C15}.Release|Win32.ActiveCfg = Release|Win32
		{E6953F83-D839-416E-AE8C-101862808C15}.Release|Win32.Build.0 = Release|Win32
		{E6953F83-D839-416E-AE8C-101862808C15}.Release|x64.ActiveCfg = Release|x64
		{E6953F83-D839-416E-AE8C-101862808C15}.Release|x64.Build.0 = Release|x64
		{E4AB405B-0D5C-4C0C-8F2F-274477E65CAE}.Debug|Win32.ActiveCfg = Debug|Win32
		{E4AB405B-0D5C-4C0C-8F2F-274477E65CAE}.Debug|Win32.Build.0 = Debug|Win32
		{E4AB405B-0D5C-4C0C-8F2F-274477E65CAE}.Debug|x64.ActiveCfg = Debug|x64
		{E4AB405B-0D5C-4C0C-8F2F-274477E65CAE}.Debug|x64.Build.0 = Debug|x64
		{E4AB405B-0D5C-4C0C-8F2F-274477E65CAE}.Release|Win32.ActiveCfg = Release|Win32
		{E4AB405B-0D5C-4C0C-8F2F-274477E65CAE}.Release|Win32.Build.0 = Release|Win32
		{E4AB405B-0D5C-4C0C-8F2F-274477E65CAE}.Release|x64.ActiveCfg = Release|x64
		{E4AB405B-0D5C-4C0C-8F2F-274477E65CAE}.Release|x64.Build.0 = Release|x64
		{6C4D6E86-33F1-42E4-864C-FDAC9847BC31}.Debug|Win32.ActiveCfg = Debug|Win32
		{6C4D6E86-33F1-42E4-864C-FDAC9847BC31}.Debug|Win32.Build.0 = Debug|Win32
		{6C4D6E86-33F1-42E4-864C-FDAC9847BC31}.Debug|x64.ActiveCfg = Debug|x64
		{6C4D6E86-33F1-42E4-864C-FDAC9847BC31}.Debug|x64.Build.0 = Debug|x64
		{6C4D6E86-33F1-42E4-864C-FDAC9847BC31}.Release|Win32.ActiveCfg = Release|Win32
		{6C4D6E86-33F1-42E4-864C-FDAC9847BC31}.Release|Win32.Build.0 = Release|Win32
		{6C4D6E86-33F1-42E4-864C-FDAC9847BC31}.Release|x64.ActiveCfg = Release|x64
		{6C4D6E86-33F1-42E4-864C-FDAC9847BC31}.Release|x64.Build.0 = Release|x64
		{848598C4-F41A-4E93-B862-B6C95D9F429A}.Debug|Win32.ActiveCfg = Debug|Win32
		{848598C4-F41A-4E93-B862-B6C95D9F429A}.Debug|Win32.Build.0 = Debug|Win32
		{848598C4-F41A-4E93-B862-B6C95D9F429A}.Debug|x64.ActiveCfg = Debug|x64
		{848598C4-F41A-4E93-B862-B6C95D9F429A}.Debug|x64.Build.0 = Debug|x64
		{848598C4-F41A-4E93-B862-B6C95D9F429A}.Release|Win32.ActiveCfg = Release|Win32
		{848598C4-F41A-4E93-B862-B6C95D9F429A}.Release|Win32.Build.0 = Release|Win32
		{848598C4-F41A-4E93-B862-B6C95D9F429A}.Release|x64.ActiveCfg = Release|x64
		{848598C4-F41A-4E93-B862-B6C95D9F429A}.Release|x64.Build.0 = Release|x64
		{C89EDFFC-4B31-44EA-9A7D-B000EE068454}.Debug|Win32.ActiveCfg = Debug|Win32
		{C89EDFFC-4B31-44EA-9A7D-B000EE068454}.Debug|Win32.Build.0 = Debug|Win32
		{C89EDFFC-4B31-44EA-9A7D-B000EE068454}.Debug|x64.ActiveCfg = Debug|x64
		{C89EDFFC-4B31-44EA-9A7D-B000EE068454}.Debug|x64.Build.0 = Debug|x64
		{C89EDFFC-4B31-44EA-9A7D-B000EE068454}.Release|Win32.ActiveCfg = Release|Win32
		{C89EDFFC-4B31-44EA-9A7D-B000EE068454}.Release|Win32.Build.0 = Release|Win32
		{C89EDFFC-4B31-44EA-9A7D-B000EE068454}.Release|x64.ActiveCfg = Release|x64
		{C89EDFFC-4B31-44EA-9A7D-B000EE068454}.Release|x64.Build.0 = Release|x64
		{F1366D13-320D-4D88-97D5-C62073CE86BD}.Debug|Win32.ActiveCfg = Debug|Win32
		{F1366D13-320D-4D88-97D5-C62073CE86BD}.Debug|Win32.Build.0 = Debug|Win32
		{F1366D13-320D-4D88-97D5-C62073CE86BD}.Debug|x64.ActiveCfg = Debug|x64
		{F1366D13-320D-4D88-97D5-C62073CE86BD}.Debug|x64.Build.0 = Debug|x64
		{F1366D13-320D-4D88-97D5-C62073CE86BD}.Release|Win32.ActiveCfg = Release|Win32
		{F1366D13-320D-4D88-97D5-C62073CE86BD}.Release|Win32.Build.0 = Release|Win32
		{F1366D13-320D-4D88-97D5-C62073CE86BD}.Release|x64.ActiveCfg = Release|x64
		{F1366D13-320D-4D88-97D5-C62073CE86BD}.Release|x64.Build.0 = Release|x64
		{651BB632-81B0-498C-ABC1-C981BF278270}.Debug|Win32.ActiveCfg = Debug|Win32
		{651BB632-81B0-498C-ABC1-C981BF278270}.Debug|Win32.Build.0 = Debug|Win32
		{651BB632-81B0-498C-ABC1-C981BF278270}.Debug|x64.ActiveCfg = Debug|x64
		{651BB632-81B0-498C-ABC1-C981BF278270}.Debug|x64.Build.0 = Debug|x64
		{651BB632-81B0-498C-ABC1-C981BF278270}.Release|Win32.ActiveCfg = Release|Win32
		{651BB632-81B0-498C-ABC1-C981BF278270}.Release|Win32.Build.0 = Release|Win32
		{651BB632-81B0-498C-ABC1-C981BF278270}.Release|x64.ActiveCfg = Release|x64
		{651BB632-81B0-498C-ABC1-C981BF278270}.Release|x64.Build.0 = Release|x64
		{B101E0A4-D016-40CB-8C65-BC18828A3C84}.Debug|Win32.ActiveCfg = Debug|Win32
		{B101E0A4-D016-40CB-8C65-BC18828A3C84}.Debug|Win32.Build.0 = Debug|Win32
		{B101E0A4-D016-40CB-8C65-BC18828A3C84}.Debug|x64.ActiveCfg = Debug|x64
		{B101E0A4-D016-40CB-8C65-BC18828A3C84}.Debug|x64.Build.0 = Debug|x64
		{B101E0A4-D016-40CB-8C65-BC18828A3C84}.Release|Win32.ActiveCfg = Release|Win32
		{B101E0A4-D016-40CB-8C65-BC18828A3C84}.Release|Win32.Build.0 = Release|Win32
		{B101E0A4-D016-40CB-8C65-BC18828A3C84}.Release|x64.ActiveCfg = Release|x64
		{B101E0A4-D016-40CB-8C65-BC18828A3C84}.Release|x64.Build.0 = Release|x64
		{F65356A4-FE75-4AC0-9516-2EE65BD50EDC}.Debug|Win32.ActiveCfg = Debug|Win32
		{F65356A4-FE75-4AC0-9516-2EE65BD50EDC}.Debug|Win32.Build.0 = Debug|Win32
		{F65356A4-FE75-4AC0-9516-2EE65BD50EDC}.Debug|x64.ActiveCfg = Debug|x64
		{F65356A4-FE75-4AC0-9516-2EE65BD50EDC}.Debug|x64.Build.0 = Debug|x64
		{F65356A4-FE75-4AC0-9516-2EE65BD50EDC}.Release|Win32.ActiveCfg = Release|Win32
		{F65356A4-FE75-4AC0-9516-2EE65BD50EDC}.Release|Win32.Build.0 = Release|Win32
		{F65356A4-FE75-4AC0-9516-2EE65BD50EDC}.Release|x64.ActiveCfg = Release|x64
		{F65356A4-FE75-4AC0-9516-2EE65BD50EDC}.Release|x64.Build.0 = Release|x64
		{7650F8F2-94E7-418B-9675-DE09E3858760}.Debug|Win32.ActiveCfg = Debug|Win32
		{7650F8F2-94E7-418B-9675-DE09E3858760}.Debug|Win32.Build.0 = Debug|Win32
		{7650F8F2-94E7-418B-9675-DE09E3858760}.Debug|x64.ActiveCfg = Debug|x64
		{7650F8F2-94E7-418B-9675-DE09E3858760}.Debug|x64.Build.0 = Debug|x64
		{7650F8F2-94E7-418B-9675-DE09E3858760}.Release|Win32.ActiveCfg = Release|Win32
		{7650F8F2-94E7-418B-9675-DE09E3858760}.Release|Win32.Build.0 = Release|Win32
		{7650F8F2-94E7-418B-9675-DE09E3858760}.Release|x64.ActiveCfg = Release|x64
		{7650F8F2-94E7-418B-9675-DE09E3858760}.Release|x64.Build.0 = Release|x64
		{70D54762-BBC7-45B5-A9BF-FFCC58FD1CD5}.Debug|Win32.ActiveCfg = Debug|x86
		{70D54762-BBC7-45B5-A9BF-FFCC58FD1CD5}.Debug|x64.ActiveCfg = Debug|x64
		{70D54762-BBC7-45B5-A9BF-FFCC58FD1CD5}.Release|Win32.ActiveCfg = Release|x86
		{70D54762-BBC7-45B5-A9BF-FFCC58FD1CD5}.Release|Win32.Build.0 = Release|x86
		{70D54762-BBC7-45B5-A9BF-FFCC58FD1CD5}.Release|x64.ActiveCfg = Release|x64
		{70D54762-BBC7-45B5-A9BF-FFCC58FD1CD5}.Release|x64.Build.0 = Release|x64
		{6F523AD1-7627-4149-8CBC-D02DEE1A1C17}.Debug|Win32.ActiveCfg = Debug|Win32
		{6F523AD1-7627-4149-8CBC-D02DEE1A1C17}.Debug|Win32.Build.0 = Debug|Win32
		{6F523AD1-7627-4149-8CBC-D02DEE1A1C17}.Debug|x64.ActiveCfg = Debug|x64
		{6F523AD1-7627-4149-8CBC-D02DEE1A1C17}.Debug|x64.Build.0 = Debug|x64
		{6F523AD1-7627-4149-8CBC-D02DEE1A1C17}.Release|Win32.ActiveCfg = Release|Win32
		{6F523AD1-7627-4149-8CBC-D02DEE1A1C17}.Release|Win32.Build.0 = Release|Win32
		{6F523AD1-7627-4149-8CBC-D02DEE1A1C17}.Release|x64.ActiveCfg = Release|x64
		{6F523AD1-7627-4149-8CBC-D02DEE1A1C17}.Release|x64.Build.0 = Release|x64
		{6CE9B05D-685E-4875-A3F5-497BE3FE8D13}.Debug|Win32.ActiveCfg = Debug|Win32
		{6CE9B05D-685E-4875-A3F5-497BE3FE8D13}.Debug|Win32.Build.0 = Debug|Win32
		{6CE9B05D-685E-4875-A3F5-497BE3FE8D13}.Debug|x64.ActiveCfg = Debug|x64
		{6CE9B05D-685E-4875-A3F5-497BE3FE8D13}.Debug|x64.Build.0 = Debug|x64
		{6CE9B05D-685E-4875-A3F5-497BE3FE8D13}.Release|Win32.ActiveCfg = Release|Win32
		{6CE9B05D-685E-4875-A3F5-497BE3FE8D13}.Release|Win32.Build.0 = Release|Win32
		{6CE9B05D-685E-4875-A3F5-497BE3FE8D13}.Release|x64.ActiveCfg = Release|x64
		{6CE9B05D-685E-4875-A3F5-497BE3FE8D13}.Release|x64.Build.0 = Release|x64
		{D84B76FF-01E0-4BC0-9DB6-68C7EF198518}.Debug|Win32.ActiveCfg = Debug|Win32
		{D84B76FF-01E0-4BC0-9DB6-68C7EF198518}.Debug|Win32.Build.0 = Debug|Win32
		{D84B76FF-01E0-4BC0-9DB6-68C7EF198518}.Debug|x64.ActiveCfg = Debug|x64
		{D84B76FF-01E0-4BC0-9DB6-68C7EF198518}.Debug|x64.Build.0 = Debug|x64
		{D84B76FF-01E0-4BC0-9DB6-68C7EF198518}.Release|Win32.ActiveCfg = Release|Win32
		{D84B76FF-01E0-4BC0-9DB6-68C7EF198518}.Release|Win32.Build.0 = Release|Win32
		{D84B76FF-01E0-4BC0-9DB6-68C7EF198518}.Release|x64.ActiveCfg = Release|x64
		{D84B76FF-01E0-4BC0-9DB6-68C7EF198518}.Release|x64.Build.0 = Release|x64
	EndGlobalSection
	GlobalSection(SolutionProperties) = preSolution
		HideSolutionNode = FALSE
	EndGlobalSection
	GlobalSection(NestedProjects) = preSolution
		{E4AB405B-0D5C-4C0C-8F2F-274477E65CAE} = {E067D56F-B9A0-4083-AC2B-74E0E988EFAF}
		{6C4D6E86-33F1-42E4-864C-FDAC9847BC31} = {E067D56F-B9A0-4083-AC2B-74E0E988EFAF}
		{848598C4-F41A-4E93-B862-B6C95D9F429A} = {E067D56F-B9A0-4083-AC2B-74E0E988EFAF}
		{C89EDFFC-4B31-44EA-9A7D-B000EE068454} = {E067D56F-B9A0-4083-AC2B-74E0E988EFAF}
		{F1366D13-320D-4D88-97D5-C62073CE86BD} = {E067D56F-B9A0-4083-AC2B-74E0E988EFAF}
		{9D949C3B-FC8E-4D29-B599-DCAB16CD9312} = {E067D56F-B9A0-4083-AC2B-74E0E988EFAF}
		{6F523AD1-7627-4149-8CBC-D02DEE1A1C17} = {E067D56F-B9A0-4083-AC2B-74E0E988EFAF}
		{651BB632-81B0-498C-ABC1-C981BF278270} = {9D949C3B-FC8E-4D29-B599-DCAB16CD9312}
		{B101E0A4-D016-40CB-8C65-BC18828A3C84} = {9D949C3B-FC8E-4D29-B599-DCAB16CD9312}
		{F65356A4-FE75-4AC0-9516-2EE65BD50EDC} = {9D949C3B-FC8E-4D29-B599-DCAB16CD9312}
		{7650F8F2-94E7-418B-9675-DE09E3858760} = {9D949C3B-FC8E-4D29-B599-DCAB16CD9312}
		{3213C50F-6323-42F1-BDBE-C0108F78760B} = {9D949C3B-FC8E-4D29-B599-DCAB16CD9312}
		{6CE9B05D-685E-4875-A3F5-497BE3FE8D13} = {9D949C3B-FC8E-4D29-B599-DCAB16CD9312}
		{70D54762-BBC7-45B5-A9BF-FFCC58FD1CD5} = {40CAD5B7-9426-4328-BAF3-A99933A6F220}
	EndGlobalSection
EndGlobal
